
Microsoft Visual Studio Solution File, Format Version 12.00
# Visual Studio Version 17
VisualStudioVersion = 17.0.31903.59
MinimumVisualStudioVersion = 10.0.40219.1
Project("{2150E333-8FDC-42A3-9474-1A3956D46DE8}") = "tests", "tests", "{4CC89D48-B0F9-467B-9C41-29E3F6695B19}"
EndProject
Project("{2150E333-8FDC-42A3-9474-1A3956D46DE8}") = "src", "src", "{625FB20E-288E-4F5A-861B-6033242B58C1}"
EndProject
Project("{FAE04EC0-301F-11D3-BF4B-00C04F79EFBC}") = "Application.UnitTest", "Application.UnitTest\Application.UnitTest.csproj", "{1DFE0D19-7F97-45F8-9539-29C1393EDD1E}"
EndProject
Project("{2150E333-8FDC-42A3-9474-1A3956D46DE8}") = "Core", "Core", "{FEF7116C-1764-44B5-AA28-C0D9E3E87D07}"
EndProject
Project("{FAE04EC0-301F-11D3-BF4B-00C04F79EFBC}") = "Domain", "Domain\Domain.csproj", "{42F6B096-ABC3-4237-8387-953A62FED0C7}"
EndProject
Project("{2150E333-8FDC-42A3-9474-1A3956D46DE8}") = "Infrastructure", "Infrastructure", "{08384702-7C5C-470C-B5DD-DF86CB02FAFB}"
EndProject
Project("{FAE04EC0-301F-11D3-BF4B-00C04F79EFBC}") = "Persistence", "Persistence\Persistence.csproj", "{112DB7F5-845B-4343-B250-525CA4950E0B}"
EndProject
Project("{FAE04EC0-301F-11D3-BF4B-00C04F79EFBC}") = "Application", "Application\Application.csproj", "{FE32AFA3-54E2-4DC2-B87D-5C48669C43B0}"
EndProject
Project("{2150E333-8FDC-42A3-9474-1A3956D46DE8}") = "Presentation", "Presentation", "{4C82EBA6-0CEC-40B9-A6BA-39F9457EA6C1}"
EndProject
Project("{FAE04EC0-301F-11D3-BF4B-00C04F79EFBC}") = "WebUI", "WebUI\WebUI.csproj", "{86DA8B71-55DB-4D9C-8061-E66AC80E4A5C}"
EndProject
Global
	GlobalSection(SolutionConfigurationPlatforms) = preSolution
		Debug|Any CPU = Debug|Any CPU
		Release|Any CPU = Release|Any CPU
	EndGlobalSection
	GlobalSection(ProjectConfigurationPlatforms) = postSolution
		{1DFE0D19-7F97-45F8-9539-29C1393EDD1E}.Debug|Any CPU.ActiveCfg = Debug|Any CPU
		{1DFE0D19-7F97-45F8-9539-29C1393EDD1E}.Debug|Any CPU.Build.0 = Debug|Any CPU
		{1DFE0D19-7F97-45F8-9539-29C1393EDD1E}.Release|Any CPU.ActiveCfg = Release|Any CPU
		{1DFE0D19-7F97-45F8-9539-29C1393EDD1E}.Release|Any CPU.Build.0 = Release|Any CPU
		{42F6B096-ABC3-4237-8387-953A62FED0C7}.Debug|Any CPU.ActiveCfg = Debug|Any CPU
		{42F6B096-ABC3-4237-8387-953A62FED0C7}.Debug|Any CPU.Build.0 = Debug|Any CPU
		{42F6B096-ABC3-4237-8387-953A62FED0C7}.Release|Any CPU.ActiveCfg = Release|Any CPU
		{42F6B096-ABC3-4237-8387-953A62FED0C7}.Release|Any CPU.Build.0 = Release|Any CPU
		{112DB7F5-845B-4343-B250-525CA4950E0B}.Debug|Any CPU.ActiveCfg = Debug|Any CPU
		{112DB7F5-845B-4343-B250-525CA4950E0B}.Debug|Any CPU.Build.0 = Debug|Any CPU
		{112DB7F5-845B-4343-B250-525CA4950E0B}.Release|Any CPU.ActiveCfg = Release|Any CPU
		{112DB7F5-845B-4343-B250-525CA4950E0B}.Release|Any CPU.Build.0 = Release|Any CPU
		{FE32AFA3-54E2-4DC2-B87D-5C48669C43B0}.Debug|Any CPU.ActiveCfg = Debug|Any CPU
		{FE32AFA3-54E2-4DC2-B87D-5C48669C43B0}.Debug|Any CPU.Build.0 = Debug|Any CPU
		{FE32AFA3-54E2-4DC2-B87D-5C48669C43B0}.Release|Any CPU.ActiveCfg = Release|Any CPU
		{FE32AFA3-54E2-4DC2-B87D-5C48669C43B0}.Release|Any CPU.Build.0 = Release|Any CPU
		{86DA8B71-55DB-4D9C-8061-E66AC80E4A5C}.Debug|Any CPU.ActiveCfg = Debug|Any CPU
		{86DA8B71-55DB-4D9C-8061-E66AC80E4A5C}.Debug|Any CPU.Build.0 = Debug|Any CPU
		{86DA8B71-55DB-4D9C-8061-E66AC80E4A5C}.Release|Any CPU.ActiveCfg = Release|Any CPU
		{86DA8B71-55DB-4D9C-8061-E66AC80E4A5C}.Release|Any CPU.Build.0 = Release|Any CPU
	EndGlobalSection
	GlobalSection(SolutionProperties) = preSolution
		HideSolutionNode = FALSE
	EndGlobalSection
	GlobalSection(NestedProjects) = preSolution
		{1DFE0D19-7F97-45F8-9539-29C1393EDD1E} = {4CC89D48-B0F9-467B-9C41-29E3F6695B19}
		{FEF7116C-1764-44B5-AA28-C0D9E3E87D07} = {625FB20E-288E-4F5A-861B-6033242B58C1}
		{42F6B096-ABC3-4237-8387-953A62FED0C7} = {FEF7116C-1764-44B5-AA28-C0D9E3E87D07}
		{08384702-7C5C-470C-B5DD-DF86CB02FAFB} = {625FB20E-288E-4F5A-861B-6033242B58C1}
		{112DB7F5-845B-4343-B250-525CA4950E0B} = {08384702-7C5C-470C-B5DD-DF86CB02FAFB}
		{FE32AFA3-54E2-4DC2-B87D-5C48669C43B0} = {FEF7116C-1764-44B5-AA28-C0D9E3E87D07}
		{86DA8B71-55DB-4D9C-8061-E66AC80E4A5C} = {4C82EBA6-0CEC-40B9-A6BA-39F9457EA6C1}
	EndGlobalSection
EndGlobal
